{
  "name": "@dotrino/sealers",
  "version": "0.3.0",
  "lockfileVersion": 3,
  "requires": true,
  "packages": {
    "": {
      "name": "@dotrino/sealers",
      "version": "0.3.0",
      "license": "MIT",
      "dependencies": {
        "@dotrino/identity": "0.72.0",
        "@dotrino/proxy-client": "0.13.1",
        "@dotrino/remote-agent": "0.5.4",
        "@dotrino/vault": "0.42.0"
      },
      "bin": {
        "dotrino-sealers": "src/cli.js"
      }
    },
    "node_modules/@dotrino/identity": {
      "version": "0.72.0",
      "resolved": "https://registry.npmjs.org/@dotrino/identity/-/identity-0.72.0.tgz",
      "integrity": "sha512-1CM4brG8ddz+DalVt9WHeH1QqAIHAmWMP3/DAAm1r8cJVwl4NYvIYIyIxa18pOLcCRX1HAKVZVk3zmHsxnLEkw==",
      "license": "MIT",
      "peerDependencies": {
        "@dotrino/proxy-client": ">=0.13.1"
      }
    },
    "node_modules/@dotrino/proxy-client": {
      "version": "0.13.1",
      "resolved": "https://registry.npmjs.org/@dotrino/proxy-client/-/proxy-client-0.13.1.tgz",
      "integrity": "sha512-8/rAiyblVBRxHoSdPWTL6Jn9cXb15Oo0jsjFpWDob2fe1cxXtUeelpE403c28LK61TDHb+cuxgpaeAKHk6yNBg==",
      "license": "MIT",
      "peerDependencies": {
        "@dotrino/identity": ">=0.53.0"
      },
      "peerDependenciesMeta": {
        "@dotrino/identity": {
          "optional": true
        }
      }
    },
    "node_modules/@dotrino/remote-agent": {
      "version": "0.5.4",
      "resolved": "https://registry.npmjs.org/@dotrino/remote-agent/-/remote-agent-0.5.4.tgz",
      "integrity": "sha512-Jgc0s2dHOWeUeNoRsRebbpoekHECudkXzLJj0WidvMIwHu2zIRsWHJUsikEq29TjEGLh2f1inbJFCLFASzF8Zg==",
      "license": "MIT",
      "dependencies": {
        "ws": "8.21.0"
      },
      "engines": {
        "node": ">=18"
      },
      "peerDependencies": {
        "@dotrino/identity": ">=0.56.0",
        "@dotrino/proxy-client": ">=0.10.1",
        "@dotrino/vault": ">=0.30.0"
      }
    },
    "node_modules/@dotrino/vault": {
      "version": "0.42.0",
      "resolved": "https://registry.npmjs.org/@dotrino/vault/-/vault-0.42.0.tgz",
      "integrity": "sha512-UzA1gm70ozpJG4Hiubogo+fafBU2Mq3Bwv/gi/onoYtVN5J4fY8srjoJL3/j8WPgwZ2RfW5PjZCe1NdBU1NcAw==",
      "license": "MIT",
      "bin": {
        "dotrino-env": "bin/dotrino-env.js"
      },
      "peerDependencies": {
        "@dotrino/identity": ">=0.67.0",
        "@dotrino/proxy-client": ">=0.13.0"
      }
    },
    "node_modules/ws": {
      "version": "8.21.0",
      "resolved": "https://registry.npmjs.org/ws/-/ws-8.21.0.tgz",
      "integrity": "sha512-Vsp28b7DRcimFQvrqu2Wek3z1iYxDCWqHYB8Qsnk/S4RfaCQzPGPyBNuVjJV3cd6UiKtUtp6sNM77gWvzcCH+g==",
      "license": "MIT",
      "engines": {
        "node": ">=10.0.0"
      },
      "peerDependencies": {
        "bufferutil": "^4.0.1",
        "utf-8-validate": ">=5.0.2"
      },
      "peerDependenciesMeta": {
        "bufferutil": {
          "optional": true
        },
        "utf-8-validate": {
          "optional": true
        }
      }
    }
  }
}
