{
  "name": "@dotrino/sealers",
  "version": "0.9.1",
  "lockfileVersion": 3,
  "requires": true,
  "packages": {
    "": {
      "name": "@dotrino/sealers",
      "version": "0.9.1",
      "license": "MIT",
      "dependencies": {
        "@dotrino/identity": "0.105.0",
        "@dotrino/proxy-client": "0.25.0",
        "@dotrino/remote-agent": "0.13.0",
        "@dotrino/update": "0.5.1",
        "@dotrino/vault": "0.82.1"
      },
      "bin": {
        "dotrino-sealers": "src/cli.js"
      }
    },
    "node_modules/@dotrino/identity": {
      "version": "0.105.0",
      "resolved": "https://registry.npmjs.org/@dotrino/identity/-/identity-0.105.0.tgz",
      "integrity": "sha512-Irap0FlvzzaReNaUQ9KVlvbQvtomrm6Lyc1QLeE2UgukPinL+ypweErNNfgw4jKcugjVU871O0w0U4jOzM7uVQ==",
      "license": "MIT",
      "peerDependencies": {
        "@dotrino/proxy-client": ">=0.13.1"
      }
    },
    "node_modules/@dotrino/opaque": {
      "version": "0.1.0",
      "resolved": "https://registry.npmjs.org/@dotrino/opaque/-/opaque-0.1.0.tgz",
      "integrity": "sha512-F/gAqQ1fSllCNnbKIBqGj25+yAe+hycmRDdAvGnIi3p0FS3+3SRx0OVwPtdPi7dRdPTes25vvR8xJktCYC2M+Q==",
      "license": "MIT",
      "engines": {
        "node": ">=20"
      }
    },
    "node_modules/@dotrino/proxy-client": {
      "version": "0.25.0",
      "resolved": "https://registry.npmjs.org/@dotrino/proxy-client/-/proxy-client-0.25.0.tgz",
      "integrity": "sha512-Uj8GmsYoQGYAb0GrFHmJbvFiM/3AkggdyvOpbYHXC49dt49wdF+SfG87kEbOwa1qH8anGnYhWY8WHJ+ogGEfmg==",
      "license": "MIT",
      "peerDependencies": {
        "@dotrino/identity": ">=0.53.0"
      },
      "peerDependenciesMeta": {
        "@dotrino/identity": {
          "optional": true
        }
      }
    },
    "node_modules/@dotrino/remote-agent": {
      "version": "0.13.0",
      "resolved": "https://registry.npmjs.org/@dotrino/remote-agent/-/remote-agent-0.13.0.tgz",
      "integrity": "sha512-QSUmGb/u1Navd3kwpdxeYbc6gEfzCM+D6pCb5YmOq3eADIFbs3u/cVNkT6yn2Ik8OF4KKz0yGY7rD6/+hXv5aA==",
      "license": "MIT",
      "dependencies": {
        "ws": "8.21.0"
      },
      "engines": {
        "node": ">=18"
      },
      "peerDependencies": {
        "@dotrino/identity": ">=0.92.0",
        "@dotrino/proxy-client": ">=0.18.2",
        "@dotrino/vault": ">=0.64.0"
      }
    },
    "node_modules/@dotrino/update": {
      "version": "0.5.1",
      "resolved": "https://registry.npmjs.org/@dotrino/update/-/update-0.5.1.tgz",
      "integrity": "sha512-VLqqldnPMNu23bEnvyqNZ8mhSxWEN6cbpNwEC/jhwnN7jlbq3avd7l1QQ21upQgFBnSqM7NHTIkaAOcJ1FtzOg==",
      "license": "MIT",
      "bin": {
        "dotrino-update": "bin/cli.js"
      }
    },
    "node_modules/@dotrino/vault": {
      "version": "0.82.1",
      "resolved": "https://registry.npmjs.org/@dotrino/vault/-/vault-0.82.1.tgz",
      "integrity": "sha512-KsXI2jt19zRe9nrdXEQjyVIMrg3AQRaYgEOEftWjp/xcyqjl5cmcJdJba/ZtT73Og5Lpx51XKBQmyVDaMG1bMA==",
      "license": "MIT",
      "dependencies": {
        "@dotrino/opaque": "0.1.0",
        "@dotrino/update": "0.5.1"
      },
      "bin": {
        "dotrino-env": "bin/dotrino-env.js"
      },
      "peerDependencies": {
        "@dotrino/identity": ">=0.99.0",
        "@dotrino/proxy-client": ">=0.23.1"
      }
    },
    "node_modules/ws": {
      "version": "8.21.0",
      "resolved": "https://registry.npmjs.org/ws/-/ws-8.21.0.tgz",
      "integrity": "sha512-Vsp28b7DRcimFQvrqu2Wek3z1iYxDCWqHYB8Qsnk/S4RfaCQzPGPyBNuVjJV3cd6UiKtUtp6sNM77gWvzcCH+g==",
      "license": "MIT",
      "engines": {
        "node": ">=10.0.0"
      },
      "peerDependencies": {
        "bufferutil": "^4.0.1",
        "utf-8-validate": ">=5.0.2"
      },
      "peerDependenciesMeta": {
        "bufferutil": {
          "optional": true
        },
        "utf-8-validate": {
          "optional": true
        }
      }
    }
  }
}
